
Microsoft Visual Studio Solution File, Format Version 12.00
# Visual Studio 15
Project("{FAE04EC0-301F-11D3-BF4B-00C04F79EFBC}") = "Practica0AD", "Practica0AD\Practica0AD.csproj", "{474E3E29-B5FE-4C69-8999-BCE7822FAB75}"
EndProject
Global
	GlobalSection(SolutionConfigurationPlatforms) = preSolution
		Debug|Any CPU = Debug|Any CPU
		Release|Any CPU = Release|Any CPU
	EndGlobalSection
	GlobalSection(ProjectConfigurationPlatforms) = postSolution
		{474E3E29-B5FE-4C69-8999-BCE7822FAB75}.Debug|Any CPU.ActiveCfg = Debug|Any CPU
		{474E3E29-B5FE-4C69-8999-BCE7822FAB75}.Debug|Any CPU.Build.0 = Debug|Any CPU
		{474E3E29-B5FE-4C69-8999-BCE7822FAB75}.Release|Any CPU.ActiveCfg = Release|Any CPU
		{474E3E29-B5FE-4C69-8999-BCE7822FAB75}.Release|Any CPU.Build.0 = Release|Any CPU
	EndGlobalSection
EndGlobal
